
Microsoft Visual Studio Solution File, Format Version 12.00
# Visual Studio Version 16
VisualStudioVersion = 16.0.32510.428
MinimumVisualStudioVersion = 10.0.40219.1
Project("{FAE04EC0-301F-11D3-BF4B-00C04F79EFBC}") = "Practice1", "Practice1\Practice1.csproj", "{F93D7FC9-2DD5-4B7C-840A-8AF0A76EBB4F}"
EndProject
Global
	GlobalSection(SolutionConfigurationPlatforms) = preSolution
		Debug|Any CPU = Debug|Any CPU
		Release|Any CPU = Release|Any CPU
	EndGlobalSection
	GlobalSection(ProjectConfigurationPlatforms) = postSolution
		{F93D7FC9-2DD5-4B7C-840A-8AF0A76EBB4F}.Debug|Any CPU.ActiveCfg = Debug|Any CPU
		{F93D7FC9-2DD5-4B7C-840A-8AF0A76EBB4F}.Debug|Any CPU.Build.0 = Debug|Any CPU
		{F93D7FC9-2DD5-4B7C-840A-8AF0A76EBB4F}.Release|Any CPU.ActiveCfg = Release|Any CPU
		{F93D7FC9-2DD5-4B7C-840A-8AF0A76EBB4F}.Release|Any CPU.Build.0 = Release|Any CPU
	EndGlobalSection
	GlobalSection(SolutionProperties) = preSolution
		HideSolutionNode = FALSE
	EndGlobalSection
	GlobalSection(ExtensibilityGlobals) = postSolution
		SolutionGuid = {6840861B-E377-452D-BB2C-1EC1031D2FAC}
	EndGlobalSection
EndGlobal
